
Microsoft Visual Studio Solution File, Format Version 12.00
# Visual Studio 15
VisualStudioVersion = 15.0.27130.2020
MinimumVisualStudioVersion = 10.0.40219.1
Project("{9A19103F-16F7-4668-BE54-9A1E7A4F7556}") = "Sino.GrpcService.Protocol", "Sino.GrpcService.Protocol\Sino.GrpcService.Protocol.csproj", "{FE06312D-62DA-4C48-B42E-74C2792B8046}"
EndProject
Project("{9A19103F-16F7-4668-BE54-9A1E7A4F7556}") = "Sino.GrpcClient.Host", "Sino.GrpcClient.Host\Sino.GrpcClient.Host.csproj", "{8F38EAAE-14A5-4838-A278-444A73D09F67}"
EndProject
Global
	GlobalSection(SolutionConfigurationPlatforms) = preSolution
		Debug|Any CPU = Debug|Any CPU
		Release|Any CPU = Release|Any CPU
	EndGlobalSection
	GlobalSection(ProjectConfigurationPlatforms) = postSolution
		{FE06312D-62DA-4C48-B42E-74C2792B8046}.Debug|Any CPU.ActiveCfg = Debug|Any CPU
		{FE06312D-62DA-4C48-B42E-74C2792B8046}.Debug|Any CPU.Build.0 = Debug|Any CPU
		{FE06312D-62DA-4C48-B42E-74C2792B8046}.Release|Any CPU.ActiveCfg = Release|Any CPU
		{FE06312D-62DA-4C48-B42E-74C2792B8046}.Release|Any CPU.Build.0 = Release|Any CPU
		{8F38EAAE-14A5-4838-A278-444A73D09F67}.Debug|Any CPU.ActiveCfg = Debug|Any CPU
		{8F38EAAE-14A5-4838-A278-444A73D09F67}.Debug|Any CPU.Build.0 = Debug|Any CPU
		{8F38EAAE-14A5-4838-A278-444A73D09F67}.Release|Any CPU.ActiveCfg = Release|Any CPU
		{8F38EAAE-14A5-4838-A278-444A73D09F67}.Release|Any CPU.Build.0 = Release|Any CPU
	EndGlobalSection
	GlobalSection(SolutionProperties) = preSolution
		HideSolutionNode = FALSE
	EndGlobalSection
	GlobalSection(ExtensibilityGlobals) = postSolution
		SolutionGuid = {016ED74D-80D7-4C05-8114-5FCA4F1FB203}
	EndGlobalSection
EndGlobal
